// !$*UTF8*$!
{
	archiveVersion = 1;
	classes = {
	};
	objectVersion = 56;
	objects = {

/* Begin PBXBuildFile section */
		21D54AD42C8420E6008B9A09 /* InitApp.swift in Sources */ = {isa = PBXBuildFile; fileRef = 21D54AD32C8420E6008B9A09 /* InitApp.swift */; };
		21D54AD62C8420E6008B9A09 /* ContentView.swift in Sources */ = {isa = PBXBuildFile; fileRef = 21D54AD52C8420E6008B9A09 /* ContentView.swift */; };
		21D54AD82C8420E8008B9A09 /* Assets.xcassets in Resources */ = {isa = PBXBuildFile; fileRef = 21D54AD72C8420E8008B9A09 /* Assets.xcassets */; };
		21D54ADB2C8420E8008B9A09 /* Preview Assets.xcassets in Resources */ = {isa = PBXBuildFile; fileRef = 21D54ADA2C8420E8008B9A09 /* Preview Assets.xcassets */; };
		21D54AE52C8420E8008B9A09 /* InitTests.swift in Sources */ = {isa = PBXBuildFile; fileRef = 21D54AE42C8420E8008B9A09 /* InitTests.swift */; };
		21D54AEF2C8420E8008B9A09 /* InitUITests.swift in Sources */ = {isa = PBXBuildFile; fileRef = 21D54AEE2C8420E8008B9A09 /* InitUITests.swift */; };
		21D54AF12C8420E8008B9A09 /* InitUITestsLaunchTests.swift in Sources */ = {isa = PBXBuildFile; fileRef = 21D54AF02C8420E8008B9A09 /* InitUITestsLaunchTests.swift */; };
/* End PBXBuildFile section */

/* Begin PBXContainerItemProxy section */
		21D54AE12C8420E8008B9A09 /* PBXContainerItemProxy */ = {
			isa = PBXContainerItemProxy;
			containerPortal = 21D54AC82C8420E6008B9A09 /* Project object */;
			proxyType = 1;
			remoteGlobalIDString = 21D54ACF2C8420E6008B9A09;
			remoteInfo = Init;
		};
		21D54AEB2C8420E8008B9A09 /* PBXContainerItemProxy */ = {
			isa = PBXContainerItemProxy;
			containerPortal = 21D54AC82C8420E6008B9A09 /* Project object */;
			proxyType = 1;
			remoteGlobalIDString = 21D54ACF2C8420E6008B9A09;
			remoteInfo = Init;
		};
/* End PBXContainerItemProxy section */

/* Begin PBXFileReference section */
		21D54AD02C8420E6008B9A09 /* Init.app */ = {isa = PBXFileReference; explicitFileType = wrapper.application; includeInIndex = 0; path = Init.app; sourceTree = BUILT_PRODUCTS_DIR; };
		21D54AD32C8420E6008B9A09 /* InitApp.swift */ = {isa = PBXFileReference; lastKnownFileType = sourcecode.swift; path = InitApp.swift; sourceTree = "<group>"; };
		21D54AD52C8420E6008B9A09 /* ContentView.swift */ = {isa = PBXFileReference; lastKnownFileType = sourcecode.swift; path = ContentView.swift; sourceTree = "<group>"; };
		21D54AD72C8420E8008B9A09 /* Assets.xcassets */ = {isa = PBXFileReference; lastKnownFileType = folder.assetcatalog; path = Assets.xcassets; sourceTree = "<group>"; };
		21D54ADA2C8420E8008B9A09 /* Preview Assets.xcassets */ = {isa = PBXFileReference; lastKnownFileType = folder.assetcatalog; path = "Preview Assets.xcassets"; sourceTree = "<group>"; };
		21D54AE02C8420E8008B9A09 /* InitTests.xctest */ = {isa = PBXFileReference; explicitFileType = wrapper.cfbundle; includeInIndex = 0; path = InitTests.xctest; sourceTree = BUILT_PRODUCTS_DIR; };
		21D54AE42C8420E8008B9A09 /* InitTests.swift */ = {isa = PBXFileReference; lastKnownFileType = sourcecode.swift; path = InitTests.swift; sourceTree = "<group>"; };
		21D54AEA2C8420E8008B9A09 /* InitUITests.xctest */ = {isa = PBXFileReference; explicitFileType = wrapper.cfbundle; includeInIndex = 0; path = InitUITests.xctest; sourceTree = BUILT_PRODUCTS_DIR; };
		21D54AEE2C8420E8008B9A09 /* InitUITests.swift */ = {isa = PBXFileReference; lastKnownFileType = sourcecode.swift; path = InitUITests.swift; sourceTree = "<group>"; };
		21D54AF02C8420E8008B9A09 /* InitUITestsLaunchTests.swift */ = {isa = PBXFileReference; lastKnownFileType = sourcecode.swift; path = InitUITestsLaunchTests.swift; sourceTree = "<group>"; };
/* End PBXFileReference section */

/* Begin PBXFrameworksBuildPhase section */
		21D54ACD2C8420E6008B9A09 /* Frameworks */ = {
			isa = PBXFrameworksBuildPhase;
			buildActionMask = 2147483647;
			files = (
			);
			runOnlyForDeploymentPostprocessing = 0;
		};
		21D54ADD2C8420E8008B9A09 /* Frameworks */ = {
			isa = PBXFrameworksBuildPhase;
			buildActionMask = 2147483647;
			files = (
			);
			runOnlyForDeploymentPostprocessing = 0;
		};
		21D54AE72C8420E8008B9A09 /* Frameworks */ = {
			isa = PBXFrameworksBuildPhase;
			buildActionMask = 2147483647;
			files = (
			);
			runOnlyForDeploymentPostprocessing = 0;
		};
/* End PBXFrameworksBuildPhase section */

/* Begin PBXGroup section */
		21D54AC72C8420E6008B9A09 = {
			isa = PBXGroup;
			children = (
				21D54AD22C8420E6008B9A09 /* Init */,
				21D54AE32C8420E8008B9A09 /* InitTests */,
				21D54AED2C8420E8008B9A09 /* InitUITests */,
				21D54AD12C8420E6008B9A09 /* Products */,
			);
			sourceTree = "<group>";
		};
		21D54AD12C8420E6008B9A09 /* Products */ = {
			isa = PBXGroup;
			children = (
				21D54AD02C8420E6008B9A09 /* Init.app */,
				21D54AE02C8420E8008B9A09 /* InitTests.xctest */,
				21D54AEA2C8420E8008B9A09 /* InitUITests.xctest */,
			);
			name = Products;
			sourceTree = "<group>";
		};
		21D54AD22C8420E6008B9A09 /* Init */ = {
			isa = PBXGroup;
			children = (
				21D54AD32C8420E6008B9A09 /* InitApp.swift */,
				21D54AD52C8420E6008B9A09 /* ContentView.swift */,
				21D54AD72C8420E8008B9A09 /* Assets.xcassets */,
				21D54AD92C8420E8008B9A09 /* Preview Content */,
			);
			path = Init;
			sourceTree = "<group>";
		};
		21D54AD92C8420E8008B9A09 /* Preview Content */ = {
			isa = PBXGroup;
			children = (
				21D54ADA2C8420E8008B9A09 /* Preview Assets.xcassets */,
			);
			path = "Preview Content";
			sourceTree = "<group>";
		};
		21D54AE32C8420E8008B9A09 /* InitTests */ = {
			isa = PBXGroup;
			children = (
				21D54AE42C8420E8008B9A09 /* InitTests.swift */,
			);
			path = InitTests;
			sourceTree = "<group>";
		};
		21D54AED2C8420E8008B9A09 /* InitUITests */ = {
			isa = PBXGroup;
			children = (
				21D54AEE2C8420E8008B9A09 /* InitUITests.swift */,
				21D54AF02C8420E8008B9A09 /* InitUITestsLaunchTests.swift */,
			);
			path = InitUITests;
			sourceTree = "<group>";
		};
/* End PBXGroup section */

/* Begin PBXNativeTarget section */
		21D54ACF2C8420E6008B9A09 /* Init */ = {
			isa = PBXNativeTarget;
			buildConfigurationList = 21D54AF42C8420E8008B9A09 /* Build configuration list for PBXNativeTarget "Init" */;
			buildPhases = (
				21D54ACC2C8420E6008B9A09 /* Sources */,
				21D54ACD2C8420E6008B9A09 /* Frameworks */,
				21D54ACE2C8420E6008B9A09 /* Resources */,
			);
			buildRules = (
			);
			dependencies = (
			);
			name = Init;
			productName = Init;
			productReference = 21D54AD02C8420E6008B9A09 /* Init.app */;
			productType = "com.apple.product-type.application";
		};
		21D54ADF2C8420E8008B9A09 /* InitTests */ = {
			isa = PBXNativeTarget;
			buildConfigurationList = 21D54AF72C8420E8008B9A09 /* Build configuration list for PBXNativeTarget "InitTests" */;
			buildPhases = (
				21D54ADC2C8420E8008B9A09 /* Sources */,
				21D54ADD2C8420E8008B9A09 /* Frameworks */,
				21D54ADE2C8420E8008B9A09 /* Resources */,
			);
			buildRules = (
			);
			dependencies = (
				21D54AE22C8420E8008B9A09 /* PBXTargetDependency */,
			);
			name = InitTests;
			productName = InitTests;
			productReference = 21D54AE02C8420E8008B9A09 /* InitTests.xctest */;
			productType = "com.apple.product-type.bundle.unit-test";
		};
		21D54AE92C8420E8008B9A09 /* InitUITests */ = {
			isa = PBXNativeTarget;
			buildConfigurationList = 21D54AFA2C8420E8008B9A09 /* Build configuration list for PBXNativeTarget "InitUITests" */;
			buildPhases = (
				21D54AE62C8420E8008B9A09 /* Sources */,
				21D54AE72C8420E8008B9A09 /* Frameworks */,
				21D54AE82C8420E8008B9A09 /* Resources */,
			);
			buildRules = (
			);
			dependencies = (
				21D54AEC2C8420E8008B9A09 /* PBXTargetDependency */,
			);
			name = InitUITests;
			productName = InitUITests;
			productReference = 21D54AEA2C8420E8008B9A09 /* InitUITests.xctest */;
			productType = "com.apple.product-type.bundle.ui-testing";
		};
/* End PBXNativeTarget section */

/* Begin PBXProject section */
		21D54AC82C8420E6008B9A09 /* Project object */ = {
			isa = PBXProject;
			attributes = {
				BuildIndependentTargetsInParallel = 1;
				LastSwiftUpdateCheck = 1540;
				LastUpgradeCheck = 1540;
				TargetAttributes = {
					21D54ACF2C8420E6008B9A09 = {
						CreatedOnToolsVersion = 15.4;
					};
					21D54ADF2C8420E8008B9A09 = {
						CreatedOnToolsVersion = 15.4;
						TestTargetID = 21D54ACF2C8420E6008B9A09;
					};
					21D54AE92C8420E8008B9A09 = {
						CreatedOnToolsVersion = 15.4;
						TestTargetID = 21D54ACF2C8420E6008B9A09;
					};
				};
			};
			buildConfigurationList = 21D54ACB2C8420E6008B9A09 /* Build configuration list for PBXProject "Init" */;
			compatibilityVersion = "Xcode 14.0";
			developmentRegion = en;
			hasScannedForEncodings = 0;
			knownRegions = (
				en,
				Base,
			);
			mainGroup = 21D54AC72C8420E6008B9A09;
			productRefGroup = 21D54AD12C8420E6008B9A09 /* Products */;
			projectDirPath = "";
			projectRoot = "";
			targets = (
				21D54ACF2C8420E6008B9A09 /* Init */,
				21D54ADF2C8420E8008B9A09 /* InitTests */,
				21D54AE92C8420E8008B9A09 /* InitUITests */,
			);
		};
/* End PBXProject section */

/* Begin PBXResourcesBuildPhase section */
		21D54ACE2C8420E6008B9A09 /* Resources */ = {
			isa = PBXResourcesBuildPhase;
			buildActionMask = 2147483647;
			files = (
				21D54ADB2C8420E8008B9A09 /* Preview Assets.xcassets in Resources */,
				21D54AD82C8420E8008B9A09 /* Assets.xcassets in Resources */,
			);
			runOnlyForDeploymentPostprocessing = 0;
		};
		21D54ADE2C8420E8008B9A09 /* Resources */ = {
			isa = PBXResourcesBuildPhase;
			buildActionMask = 2147483647;
			files = (
			);
			runOnlyForDeploymentPostprocessing = 0;
		};
		21D54AE82C8420E8008B9A09 /* Resources */ = {
			isa = PBXResourcesBuildPhase;
			buildActionMask = 2147483647;
			files = (
			);
			runOnlyForDeploymentPostprocessing = 0;
		};
/* End PBXResourcesBuildPhase section */

/* Begin PBXSourcesBuildPhase section */
		21D54ACC2C8420E6008B9A09 /* Sources */ = {
			isa = PBXSourcesBuildPhase;
			buildActionMask = 2147483647;
			files = (
				21D54AD62C8420E6008B9A09 /* ContentView.swift in Sources */,
				21D54AD42C8420E6008B9A09 /* InitApp.swift in Sources */,
			);
			runOnlyForDeploymentPostprocessing = 0;
		};
		21D54ADC2C8420E8008B9A09 /* Sources */ = {
			isa = PBXSourcesBuildPhase;
			buildActionMask = 2147483647;
			files = (
				21D54AE52C8420E8008B9A09 /* InitTests.swift in Sources */,
			);
			runOnlyForDeploymentPostprocessing = 0;
		};
		21D54AE62C8420E8008B9A09 /* Sources */ = {
			isa = PBXSourcesBuildPhase;
			buildActionMask = 2147483647;
			files = (
				21D54AF12C8420E8008B9A09 /* InitUITestsLaunchTests.swift in Sources */,
				21D54AEF2C8420E8008B9A09 /* InitUITests.swift in Sources */,
			);
			runOnlyForDeploymentPostprocessing = 0;
		};
/* End PBXSourcesBuildPhase section */

/* Begin PBXTargetDependency section */
		21D54AE22C8420E8008B9A09 /* PBXTargetDependency */ = {
			isa = PBXTargetDependency;
			target = 21D54ACF2C8420E6008B9A09 /* Init */;
			targetProxy = 21D54AE12C8420E8008B9A09 /* PBXContainerItemProxy */;
		};
		21D54AEC2C8420E8008B9A09 /* PBXTargetDependency */ = {
			isa = PBXTargetDependency;
			target = 21D54ACF2C8420E6008B9A09 /* Init */;
			targetProxy = 21D54AEB2C8420E8008B9A09 /* PBXContainerItemProxy */;
		};
/* End PBXTargetDependency section */

/* Begin XCBuildConfiguration section */
		21D54AF22C8420E8008B9A09 /* Debug */ = {
			isa = XCBuildConfiguration;
			buildSettings = {
				ALWAYS_SEARCH_USER_PATHS = NO;
				ASSETCATALOG_COMPILER_GENERATE_SWIFT_ASSET_SYMBOL_EXTENSIONS = YES;
				CLANG_ANALYZER_NONNULL = YES;
				CLANG_ANALYZER_NUMBER_OBJECT_CONVERSION = YES_AGGRESSIVE;
				CLANG_CXX_LANGUAGE_STANDARD = "gnu++20";
				CLANG_ENABLE_MODULES = YES;
				CLANG_ENABLE_OBJC_ARC = YES;
				CLANG_ENABLE_OBJC_WEAK = YES;
				CLANG_WARN_BLOCK_CAPTURE_AUTORELEASING = YES;
				CLANG_WARN_BOOL_CONVERSION = YES;
				CLANG_WARN_COMMA = YES;
				CLANG_WARN_CONSTANT_CONVERSION = YES;
				CLANG_WARN_DEPRECATED_OBJC_IMPLEMENTATIONS = YES;
				CLANG_WARN_DIRECT_OBJC_ISA_USAGE = YES_ERROR;
				CLANG_WARN_DOCUMENTATION_COMMENTS = YES;
				CLANG_WARN_EMPTY_BODY = YES;
				CLANG_WARN_ENUM_CONVERSION = YES;
				CLANG_WARN_INFINITE_RECURSION = YES;
				CLANG_WARN_INT_CONVERSION = YES;
				CLANG_WARN_NON_LITERAL_NULL_CONVERSION = YES;
				CLANG_WARN_OBJC_IMPLICIT_RETAIN_SELF = YES;
				CLANG_WARN_OBJC_LITERAL_CONVERSION = YES;
				CLANG_WARN_OBJC_ROOT_CLASS = YES_ERROR;
				CLANG_WARN_QUOTED_INCLUDE_IN_FRAMEWORK_HEADER = YES;
				CLANG_WARN_RANGE_LOOP_ANALYSIS = YES;
				CLANG_WARN_STRICT_PROTOTYPES = YES;
				CLANG_WARN_SUSPICIOUS_MOVE = YES;
				CLANG_WARN_UNGUARDED_AVAILABILITY = YES_AGGRESSIVE;
				CLANG_WARN_UNREACHABLE_CODE = YES;
				CLANG_WARN__DUPLICATE_METHOD_MATCH = YES;
				COPY_PHASE_STRIP = NO;
				DEBUG_INFORMATION_FORMAT = dwarf;
				ENABLE_STRICT_OBJC_MSGSEND = YES;
				ENABLE_TESTABILITY = YES;
				ENABLE_USER_SCRIPT_SANDBOXING = YES;
				GCC_C_LANGUAGE_STANDARD = gnu17;
				GCC_DYNAMIC_NO_PIC = NO;
				GCC_NO_COMMON_BLOCKS = YES;
				GCC_OPTIMIZATION_LEVEL = 0;
				GCC_PREPROCESSOR_DEFINITIONS = (
					"DEBUG=1",
					"$(inherited)",
				);
				GCC_WARN_64_TO_32_BIT_CONVERSION = YES;
				GCC_WARN_ABOUT_RETURN_TYPE = YES_ERROR;
				GCC_WARN_UNDECLARED_SELECTOR = YES;
				GCC_WARN_UNINITIALIZED_AUTOS = YES_AGGRESSIVE;
				GCC_WARN_UNUSED_FUNCTION = YES;
				GCC_WARN_UNUSED_VARIABLE = YES;
				IPHONEOS_DEPLOYMENT_TARGET = 17.5;
				LOCALIZATION_PREFERS_STRING_CATALOGS = YES;
				MTL_ENABLE_DEBUG_INFO = INCLUDE_SOURCE;
				MTL_FAST_MATH = YES;
				ONLY_ACTIVE_ARCH = YES;
				SDKROOT = iphoneos;
				SWIFT_ACTIVE_COMPILATION_CONDITIONS = "DEBUG $(inherited)";
				SWIFT_OPTIMIZATION_LEVEL = "-Onone";
			};
			name = Debug;
		};
		21D54AF32C8420E8008B9A09 /* Release */ = {
			isa = XCBuildConfiguration;
			buildSettings = {
				ALWAYS_SEARCH_USER_PATHS = NO;
				ASSETCATALOG_COMPILER_GENERATE_SWIFT_ASSET_SYMBOL_EXTENSIONS = YES;
				CLANG_ANALYZER_NONNULL = YES;
				CLANG_ANALYZER_NUMBER_OBJECT_CONVERSION = YES_AGGRESSIVE;
				CLANG_CXX_LANGUAGE_STANDARD = "gnu++20";
				CLANG_ENABLE_MODULES = YES;
				CLANG_ENABLE_OBJC_ARC = YES;
				CLANG_ENABLE_OBJC_WEAK = YES;
				CLANG_WARN_BLOCK_CAPTURE_AUTORELEASING = YES;
				CLANG_WARN_BOOL_CONVERSION = YES;
				CLANG_WARN_COMMA = YES;
				CLANG_WARN_CONSTANT_CONVERSION = YES;
				CLANG_WARN_DEPRECATED_OBJC_IMPLEMENTATIONS = YES;
				CLANG_WARN_DIRECT_OBJC_ISA_USAGE = YES_ERROR;
				CLANG_WARN_DOCUMENTATION_COMMENTS = YES;
				CLANG_WARN_EMPTY_BODY = YES;
				CLANG_WARN_ENUM_CONVERSION = YES;
				CLANG_WARN_INFINITE_RECURSION = YES;
				CLANG_WARN_INT_CONVERSION = YES;
				CLANG_WARN_NON_LITERAL_NULL_CONVERSION = YES;
				CLANG_WARN_OBJC_IMPLICIT_RETAIN_SELF = YES;
				CLANG_WARN_OBJC_LITERAL_CONVERSION = YES;
				CLANG_WARN_OBJC_ROOT_CLASS = YES_ERROR;
				CLANG_WARN_QUOTED_INCLUDE_IN_FRAMEWORK_HEADER = YES;
				CLANG_WARN_RANGE_LOOP_ANALYSIS = YES;
				CLANG_WARN_STRICT_PROTOTYPES = YES;
				CLANG_WARN_SUSPICIOUS_MOVE = YES;
				CLANG_WARN_UNGUARDED_AVAILABILITY = YES_AGGRESSIVE;
				CLANG_WARN_UNREACHABLE_CODE = YES;
				CLANG_WARN__DUPLICATE_METHOD_MATCH = YES;
				COPY_PHASE_STRIP = NO;
				DEBUG_INFORMATION_FORMAT = "dwarf-with-dsym";
				ENABLE_NS_ASSERTIONS = NO;
				ENABLE_STRICT_OBJC_MSGSEND = YES;
				ENABLE_USER_SCRIPT_SANDBOXING = YES;
				GCC_C_LANGUAGE_STANDARD = gnu17;
				GCC_NO_COMMON_BLOCKS = YES;
				GCC_WARN_64_TO_32_BIT_CONVERSION = YES;
				GCC_WARN_ABOUT_RETURN_TYPE = YES_ERROR;
				GCC_WARN_UNDECLARED_SELECTOR = YES;
				GCC_WARN_UNINITIALIZED_AUTOS = YES_AGGRESSIVE;
				GCC_WARN_UNUSED_FUNCTION = YES;
				GCC_WARN_UNUSED_VARIABLE = YES;
				IPHONEOS_DEPLOYMENT_TARGET = 17.5;
				LOCALIZATION_PREFERS_STRING_CATALOGS = YES;
				MTL_ENABLE_DEBUG_INFO = NO;
				MTL_FAST_MATH = YES;
				SDKROOT = iphoneos;
				SWIFT_COMPILATION_MODE = wholemodule;
				VALIDATE_PRODUCT = YES;
			};
			name = Release;
		};
		21D54AF52C8420E8008B9A09 /* Debug */ = {
			isa = XCBuildConfiguration;
			buildSettings = {
				ASSETCATALOG_COMPILER_APPICON_NAME = AppIcon;
				ASSETCATALOG_COMPILER_GLOBAL_ACCENT_COLOR_NAME = AccentColor;
				CODE_SIGN_STYLE = Automatic;
				CURRENT_PROJECT_VERSION = 1;
				DEVELOPMENT_ASSET_PATHS = "\"Init/Preview Content\"";
				ENABLE_PREVIEWS = YES;
				GENERATE_INFOPLIST_FILE = YES;
				INFOPLIST_KEY_UIApplicationSceneManifest_Generation = YES;
				INFOPLIST_KEY_UIApplicationSupportsIndirectInputEvents = YES;
				INFOPLIST_KEY_UILaunchScreen_Generation = YES;
				INFOPLIST_KEY_UISupportedInterfaceOrientations_iPad = "UIInterfaceOrientationPortrait UIInterfaceOrientationPortraitUpsideDown UIInterfaceOrientationLandscapeLeft UIInterfaceOrientationLandscapeRight";
				INFOPLIST_KEY_UISupportedInterfaceOrientations_iPhone = "UIInterfaceOrientationPortrait UIInterfaceOrientationLandscapeLeft UIInterfaceOrientationLandscapeRight";
				LD_RUNPATH_SEARCH_PATHS = (
					"$(inherited)",
					"@executable_path/Frameworks",
				);
				MARKETING_VERSION = 1.0;
				PRODUCT_BUNDLE_IDENTIFIER = init.Init;
				PRODUCT_NAME = "$(TARGET_NAME)";
				SWIFT_EMIT_LOC_STRINGS = YES;
				SWIFT_VERSION = 5.0;
				TARGETED_DEVICE_FAMILY = "1,2";
			};
			name = Debug;
		};
		21D54AF62C8420E8008B9A09 /* Release */ = {
			isa = XCBuildConfiguration;
			buildSettings = {
				ASSETCATALOG_COMPILER_APPICON_NAME = AppIcon;
				ASSETCATALOG_COMPILER_GLOBAL_ACCENT_COLOR_NAME = AccentColor;
				CODE_SIGN_STYLE = Automatic;
				CURRENT_PROJECT_VERSION = 1;
				DEVELOPMENT_ASSET_PATHS = "\"Init/Preview Content\"";
				ENABLE_PREVIEWS = YES;
				GENERATE_INFOPLIST_FILE = YES;
				INFOPLIST_KEY_UIApplicationSceneManifest_Generation = YES;
				INFOPLIST_KEY_UIApplicationSupportsIndirectInputEvents = YES;
				INFOPLIST_KEY_UILaunchScreen_Generation = YES;
				INFOPLIST_KEY_UISupportedInterfaceOrientations_iPad = "UIInterfaceOrientationPortrait UIInterfaceOrientationPortraitUpsideDown UIInterfaceOrientationLandscapeLeft UIInterfaceOrientationLandscapeRight";
				INFOPLIST_KEY_UISupportedInterfaceOrientations_iPhone = "UIInterfaceOrientationPortrait UIInterfaceOrientationLandscapeLeft UIInterfaceOrientationLandscapeRight";
				LD_RUNPATH_SEARCH_PATHS = (
					"$(inherited)",
					"@executable_path/Frameworks",
				);
				MARKETING_VERSION = 1.0;
				PRODUCT_BUNDLE_IDENTIFIER = init.Init;
				PRODUCT_NAME = "$(TARGET_NAME)";
				SWIFT_EMIT_LOC_STRINGS = YES;
				SWIFT_VERSION = 5.0;
				TARGETED_DEVICE_FAMILY = "1,2";
			};
			name = Release;
		};
		21D54AF82C8420E8008B9A09 /* Debug */ = {
			isa = XCBuildConfiguration;
			buildSettings = {
				ALWAYS_EMBED_SWIFT_STANDARD_LIBRARIES = YES;
				BUNDLE_LOADER = "$(TEST_HOST)";
				CODE_SIGN_STYLE = Automatic;
				CURRENT_PROJECT_VERSION = 1;
				GENERATE_INFOPLIST_FILE = YES;
				IPHONEOS_DEPLOYMENT_TARGET = 17.5;
				MARKETING_VERSION = 1.0;
				PRODUCT_BUNDLE_IDENTIFIER = init.InitTests;
				PRODUCT_NAME = "$(TARGET_NAME)";
				SWIFT_EMIT_LOC_STRINGS = NO;
				SWIFT_VERSION = 5.0;
				TARGETED_DEVICE_FAMILY = "1,2";
				TEST_HOST = "$(BUILT_PRODUCTS_DIR)/Init.app/$(BUNDLE_EXECUTABLE_FOLDER_PATH)/Init";
			};
			name = Debug;
		};
		21D54AF92C8420E8008B9A09 /* Release */ = {
			isa = XCBuildConfiguration;
			buildSettings = {
				ALWAYS_EMBED_SWIFT_STANDARD_LIBRARIES = YES;
				BUNDLE_LOADER = "$(TEST_HOST)";
				CODE_SIGN_STYLE = Automatic;
				CURRENT_PROJECT_VERSION = 1;
				GENERATE_INFOPLIST_FILE = YES;
				IPHONEOS_DEPLOYMENT_TARGET = 17.5;
				MARKETING_VERSION = 1.0;
				PRODUCT_BUNDLE_IDENTIFIER = init.InitTests;
				PRODUCT_NAME = "$(TARGET_NAME)";
				SWIFT_EMIT_LOC_STRINGS = NO;
				SWIFT_VERSION = 5.0;
				TARGETED_DEVICE_FAMILY = "1,2";
				TEST_HOST = "$(BUILT_PRODUCTS_DIR)/Init.app/$(BUNDLE_EXECUTABLE_FOLDER_PATH)/Init";
			};
			name = Release;
		};
		21D54AFB2C8420E8008B9A09 /* Debug */ = {
			isa = XCBuildConfiguration;
			buildSettings = {
				ALWAYS_EMBED_SWIFT_STANDARD_LIBRARIES = YES;
				CODE_SIGN_STYLE = Automatic;
				CURRENT_PROJECT_VERSION = 1;
				GENERATE_INFOPLIST_FILE = YES;
				MARKETING_VERSION = 1.0;
				PRODUCT_BUNDLE_IDENTIFIER = init.InitUITests;
				PRODUCT_NAME = "$(TARGET_NAME)";
				SWIFT_EMIT_LOC_STRINGS = NO;
				SWIFT_VERSION = 5.0;
				TARGETED_DEVICE_FAMILY = "1,2";
				TEST_TARGET_NAME = Init;
			};
			name = Debug;
		};
		21D54AFC2C8420E8008B9A09 /* Release */ = {
			isa = XCBuildConfiguration;
			buildSettings = {
				ALWAYS_EMBED_SWIFT_STANDARD_LIBRARIES = YES;
				CODE_SIGN_STYLE = Automatic;
				CURRENT_PROJECT_VERSION = 1;
				GENERATE_INFOPLIST_FILE = YES;
				MARKETING_VERSION = 1.0;
				PRODUCT_BUNDLE_IDENTIFIER = init.InitUITests;
				PRODUCT_NAME = "$(TARGET_NAME)";
				SWIFT_EMIT_LOC_STRINGS = NO;
				SWIFT_VERSION = 5.0;
				TARGETED_DEVICE_FAMILY = "1,2";
				TEST_TARGET_NAME = Init;
			};
			name = Release;
		};
/* End XCBuildConfiguration section */

/* Begin XCConfigurationList section */
		21D54ACB2C8420E6008B9A09 /* Build configuration list for PBXProject "Init" */ = {
			isa = XCConfigurationList;
			buildConfigurations = (
				21D54AF22C8420E8008B9A09 /* Debug */,
				21D54AF32C8420E8008B9A09 /* Release */,
			);
			defaultConfigurationIsVisible = 0;
			defaultConfigurationName = Release;
		};
		21D54AF42C8420E8008B9A09 /* Build configuration list for PBXNativeTarget "Init" */ = {
			isa = XCConfigurationList;
			buildConfigurations = (
				21D54AF52C8420E8008B9A09 /* Debug */,
				21D54AF62C8420E8008B9A09 /* Release */,
			);
			defaultConfigurationIsVisible = 0;
			defaultConfigurationName = Release;
		};
		21D54AF72C8420E8008B9A09 /* Build configuration list for PBXNativeTarget "InitTests" */ = {
			isa = XCConfigurationList;
			buildConfigurations = (
				21D54AF82C8420E8008B9A09 /* Debug */,
				21D54AF92C8420E8008B9A09 /* Release */,
			);
			defaultConfigurationIsVisible = 0;
			defaultConfigurationName = Release;
		};
		21D54AFA2C8420E8008B9A09 /* Build configuration list for PBXNativeTarget "InitUITests" */ = {
			isa = XCConfigurationList;
			buildConfigurations = (
				21D54AFB2C8420E8008B9A09 /* Debug */,
				21D54AFC2C8420E8008B9A09 /* Release */,
			);
			defaultConfigurationIsVisible = 0;
			defaultConfigurationName = Release;
		};
/* End XCConfigurationList section */
	};
	rootObject = 21D54AC82C8420E6008B9A09 /* Project object */;
}
